// !$*UTF8*$!
{
	archiveVersion = 1;
	classes = {
	};
	objectVersion = 46;
	objects = {

/* Begin PBXBuildFile section */
		89106DF11D36FB0C00D85D7E /* geoTweetViewController.swift in Sources */ = {isa = PBXBuildFile; fileRef = 89106DF01D36FB0C00D85D7E /* geoTweetViewController.swift */; };
		8912EEF31D39421600F947F0 /* HashtagTrendingTableViewCell.swift in Sources */ = {isa = PBXBuildFile; fileRef = 8912EEF21D39421600F947F0 /* HashtagTrendingTableViewCell.swift */; };
		892D59E81D38048E00BB6436 /* SwifteriOS.framework in Frameworks */ = {isa = PBXBuildFile; fileRef = 892D59E71D38048E00BB6436 /* SwifteriOS.framework */; };
		892D59E91D38048E00BB6436 /* SwifteriOS.framework in Embed Frameworks */ = {isa = PBXBuildFile; fileRef = 892D59E71D38048E00BB6436 /* SwifteriOS.framework */; settings = {ATTRIBUTES = (CodeSignOnCopy, RemoveHeadersOnCopy, ); }; };
		894CF3D41D2FFFBB00A452D8 /* TweetTableViewCell.swift in Sources */ = {isa = PBXBuildFile; fileRef = 894CF3D31D2FFFBB00A452D8 /* TweetTableViewCell.swift */; };
		895015601D385C00004C59DE /* MapKit.framework in Frameworks */ = {isa = PBXBuildFile; fileRef = 8950155F1D385C00004C59DE /* MapKit.framework */; };
		C0BBBF571D375D8A00E7F6E6 /* CoreLocation.framework in Frameworks */ = {isa = PBXBuildFile; fileRef = C0BBBF561D375D8A00E7F6E6 /* CoreLocation.framework */; };
		C0D151091D2998110098E96E /* AppDelegate.swift in Sources */ = {isa = PBXBuildFile; fileRef = C0D151081D2998110098E96E /* AppDelegate.swift */; };
		C0D1510B1D2998110098E96E /* ViewController.swift in Sources */ = {isa = PBXBuildFile; fileRef = C0D1510A1D2998110098E96E /* ViewController.swift */; };
		C0D1510E1D2998110098E96E /* Main.storyboard in Resources */ = {isa = PBXBuildFile; fileRef = C0D1510C1D2998110098E96E /* Main.storyboard */; };
		C0D151101D2998110098E96E /* Assets.xcassets in Resources */ = {isa = PBXBuildFile; fileRef = C0D1510F1D2998110098E96E /* Assets.xcassets */; };
		C0D151131D2998110098E96E /* LaunchScreen.storyboard in Resources */ = {isa = PBXBuildFile; fileRef = C0D151111D2998110098E96E /* LaunchScreen.storyboard */; };
		C0D1511B1D2999070098E96E /* TimeLineTableViewController.swift in Sources */ = {isa = PBXBuildFile; fileRef = C0D1511A1D2999070098E96E /* TimeLineTableViewController.swift */; };
/* End PBXBuildFile section */

/* Begin PBXCopyFilesBuildPhase section */
		892D59EA1D38048E00BB6436 /* Embed Frameworks */ = {
			isa = PBXCopyFilesBuildPhase;
			buildActionMask = 2147483647;
			dstPath = "";
			dstSubfolderSpec = 10;
			files = (
				892D59E91D38048E00BB6436 /* SwifteriOS.framework in Embed Frameworks */,
			);
			name = "Embed Frameworks";
			runOnlyForDeploymentPostprocessing = 0;
		};
/* End PBXCopyFilesBuildPhase section */

/* Begin PBXFileReference section */
		89106DF01D36FB0C00D85D7E /* geoTweetViewController.swift */ = {isa = PBXFileReference; fileEncoding = 4; lastKnownFileType = sourcecode.swift; path = geoTweetViewController.swift; sourceTree = "<group>"; };
		8912EEF21D39421600F947F0 /* HashtagTrendingTableViewCell.swift */ = {isa = PBXFileReference; fileEncoding = 4; lastKnownFileType = sourcecode.swift; path = HashtagTrendingTableViewCell.swift; sourceTree = "<group>"; };
		892D59E71D38048E00BB6436 /* SwifteriOS.framework */ = {isa = PBXFileReference; explicitFileType = wrapper.framework; name = SwifteriOS.framework; path = "/Users/Arnav_Gudibande/Library/Developer/Xcode/DerivedData/SwiftTweetApp-aiywqwrzbhmbkugbeovtnrsjqwlo/Build/Products/Debug-iphoneos/SwifteriOS.framework"; sourceTree = "<absolute>"; };
		894CF3D31D2FFFBB00A452D8 /* TweetTableViewCell.swift */ = {isa = PBXFileReference; fileEncoding = 4; lastKnownFileType = sourcecode.swift; path = TweetTableViewCell.swift; sourceTree = "<group>"; };
		8950155F1D385C00004C59DE /* MapKit.framework */ = {isa = PBXFileReference; lastKnownFileType = wrapper.framework; name = MapKit.framework; path = System/Library/Frameworks/MapKit.framework; sourceTree = SDKROOT; };
		C0BBBF561D375D8A00E7F6E6 /* CoreLocation.framework */ = {isa = PBXFileReference; lastKnownFileType = wrapper.framework; name = CoreLocation.framework; path = System/Library/Frameworks/CoreLocation.framework; sourceTree = SDKROOT; };
		C0D151051D2998110098E96E /* SwiftTweet.app */ = {isa = PBXFileReference; explicitFileType = wrapper.application; includeInIndex = 0; path = SwiftTweet.app; sourceTree = BUILT_PRODUCTS_DIR; };
		C0D151081D2998110098E96E /* AppDelegate.swift */ = {isa = PBXFileReference; lastKnownFileType = sourcecode.swift; path = AppDelegate.swift; sourceTree = "<group>"; };
		C0D1510A1D2998110098E96E /* ViewController.swift */ = {isa = PBXFileReference; lastKnownFileType = sourcecode.swift; path = ViewController.swift; sourceTree = "<group>"; };
		C0D1510D1D2998110098E96E /* Base */ = {isa = PBXFileReference; lastKnownFileType = file.storyboard; name = Base; path = Base.lproj/Main.storyboard; sourceTree = "<group>"; };
		C0D1510F1D2998110098E96E /* Assets.xcassets */ = {isa = PBXFileReference; lastKnownFileType = folder.assetcatalog; path = Assets.xcassets; sourceTree = "<group>"; };
		C0D151121D2998110098E96E /* Base */ = {isa = PBXFileReference; lastKnownFileType = file.storyboard; name = Base; path = Base.lproj/LaunchScreen.storyboard; sourceTree = "<group>"; };
		C0D151141D2998110098E96E /* Info.plist */ = {isa = PBXFileReference; lastKnownFileType = text.plist.xml; path = Info.plist; sourceTree = "<group>"; };
		C0D1511A1D2999070098E96E /* TimeLineTableViewController.swift */ = {isa = PBXFileReference; fileEncoding = 4; lastKnownFileType = sourcecode.swift; path = TimeLineTableViewController.swift; sourceTree = "<group>"; };
/* End PBXFileReference section */

/* Begin PBXFrameworksBuildPhase section */
		C0D151021D2998100098E96E /* Frameworks */ = {
			isa = PBXFrameworksBuildPhase;
			buildActionMask = 2147483647;
			files = (
				895015601D385C00004C59DE /* MapKit.framework in Frameworks */,
				C0BBBF571D375D8A00E7F6E6 /* CoreLocation.framework in Frameworks */,
				892D59E81D38048E00BB6436 /* SwifteriOS.framework in Frameworks */,
			);
			runOnlyForDeploymentPostprocessing = 0;
		};
/* End PBXFrameworksBuildPhase section */

/* Begin PBXGroup section */
		C0BBBF531D375D8300E7F6E6 /* Frameworks */ = {
			isa = PBXGroup;
			children = (
				8950155F1D385C00004C59DE /* MapKit.framework */,
				892D59E71D38048E00BB6436 /* SwifteriOS.framework */,
				C0BBBF561D375D8A00E7F6E6 /* CoreLocation.framework */,
			);
			name = Frameworks;
			sourceTree = "<group>";
		};
		C0D150FC1D2998100098E96E = {
			isa = PBXGroup;
			children = (
				C0D151071D2998110098E96E /* SwiftTweet */,
				C0D151061D2998110098E96E /* Products */,
				C0BBBF531D375D8300E7F6E6 /* Frameworks */,
			);
			sourceTree = "<group>";
		};
		C0D151061D2998110098E96E /* Products */ = {
			isa = PBXGroup;
			children = (
				C0D151051D2998110098E96E /* SwiftTweet.app */,
			);
			name = Products;
			sourceTree = "<group>";
		};
		C0D151071D2998110098E96E /* SwiftTweet */ = {
			isa = PBXGroup;
			children = (
				C0D151081D2998110098E96E /* AppDelegate.swift */,
				C0D1510A1D2998110098E96E /* ViewController.swift */,
				C0D1510C1D2998110098E96E /* Main.storyboard */,
				8912EEF21D39421600F947F0 /* HashtagTrendingTableViewCell.swift */,
				89106DF01D36FB0C00D85D7E /* geoTweetViewController.swift */,
				894CF3D31D2FFFBB00A452D8 /* TweetTableViewCell.swift */,
				C0D1511A1D2999070098E96E /* TimeLineTableViewController.swift */,
				C0D1510F1D2998110098E96E /* Assets.xcassets */,
				C0D151111D2998110098E96E /* LaunchScreen.storyboard */,
				C0D151141D2998110098E96E /* Info.plist */,
			);
			path = SwiftTweet;
			sourceTree = "<group>";
		};
/* End PBXGroup section */

/* Begin PBXNativeTarget section */
		C0D151041D2998100098E96E /* SwiftTweet */ = {
			isa = PBXNativeTarget;
			buildConfigurationList = C0D151171D2998110098E96E /* Build configuration list for PBXNativeTarget "SwiftTweet" */;
			buildPhases = (
				C0D151011D2998100098E96E /* Sources */,
				C0D151021D2998100098E96E /* Frameworks */,
				C0D151031D2998100098E96E /* Resources */,
				892D59EA1D38048E00BB6436 /* Embed Frameworks */,
			);
			buildRules = (
			);
			dependencies = (
			);
			name = SwiftTweet;
			productName = SwiftTweet;
			productReference = C0D151051D2998110098E96E /* SwiftTweet.app */;
			productType = "com.apple.product-type.application";
		};
/* End PBXNativeTarget section */

/* Begin PBXProject section */
		C0D150FD1D2998100098E96E /* Project object */ = {
			isa = PBXProject;
			attributes = {
				LastSwiftUpdateCheck = 0730;
				LastUpgradeCheck = 0800;
				ORGANIZATIONNAME = "Arnav Gudibande";
				TargetAttributes = {
					C0D151041D2998100098E96E = {
						CreatedOnToolsVersion = 7.3.1;
						DevelopmentTeam = 644K27Q47A;
						LastSwiftMigration = 0800;
					};
				};
			};
			buildConfigurationList = C0D151001D2998100098E96E /* Build configuration list for PBXProject "SwiftTweet" */;
			compatibilityVersion = "Xcode 3.2";
			developmentRegion = English;
			hasScannedForEncodings = 0;
			knownRegions = (
				en,
				Base,
			);
			mainGroup = C0D150FC1D2998100098E96E;
			productRefGroup = C0D151061D2998110098E96E /* Products */;
			projectDirPath = "";
			projectRoot = "";
			targets = (
				C0D151041D2998100098E96E /* SwiftTweet */,
			);
		};
/* End PBXProject section */

/* Begin PBXResourcesBuildPhase section */
		C0D151031D2998100098E96E /* Resources */ = {
			isa = PBXResourcesBuildPhase;
			buildActionMask = 2147483647;
			files = (
				C0D151131D2998110098E96E /* LaunchScreen.storyboard in Resources */,
				C0D151101D2998110098E96E /* Assets.xcassets in Resources */,
				C0D1510E1D2998110098E96E /* Main.storyboard in Resources */,
			);
			runOnlyForDeploymentPostprocessing = 0;
		};
/* End PBXResourcesBuildPhase section */

/* Begin PBXSourcesBuildPhase section */
		C0D151011D2998100098E96E /* Sources */ = {
			isa = PBXSourcesBuildPhase;
			buildActionMask = 2147483647;
			files = (
				C0D1510B1D2998110098E96E /* ViewController.swift in Sources */,
				89106DF11D36FB0C00D85D7E /* geoTweetViewController.swift in Sources */,
				C0D151091D2998110098E96E /* AppDelegate.swift in Sources */,
				C0D1511B1D2999070098E96E /* TimeLineTableViewController.swift in Sources */,
				894CF3D41D2FFFBB00A452D8 /* TweetTableViewCell.swift in Sources */,
				8912EEF31D39421600F947F0 /* HashtagTrendingTableViewCell.swift in Sources */,
			);
			runOnlyForDeploymentPostprocessing = 0;
		};
/* End PBXSourcesBuildPhase section */

/* Begin PBXVariantGroup section */
		C0D1510C1D2998110098E96E /* Main.storyboard */ = {
			isa = PBXVariantGroup;
			children = (
				C0D1510D1D2998110098E96E /* Base */,
			);
			name = Main.storyboard;
			sourceTree = "<group>";
		};
		C0D151111D2998110098E96E /* LaunchScreen.storyboard */ = {
			isa = PBXVariantGroup;
			children = (
				C0D151121D2998110098E96E /* Base */,
			);
			name = LaunchScreen.storyboard;
			sourceTree = "<group>";
		};
/* End PBXVariantGroup section */

/* Begin XCBuildConfiguration section */
		C0D151151D2998110098E96E /* Debug */ = {
			isa = XCBuildConfiguration;
			buildSettings = {
				ALWAYS_SEARCH_USER_PATHS = NO;
				CLANG_ANALYZER_NONNULL = YES;
				CLANG_CXX_LANGUAGE_STANDARD = "gnu++0x";
				CLANG_CXX_LIBRARY = "libc++";
				CLANG_ENABLE_MODULES = YES;
				CLANG_ENABLE_OBJC_ARC = YES;
				CLANG_WARN_BOOL_CONVERSION = YES;
				CLANG_WARN_CONSTANT_CONVERSION = YES;
				CLANG_WARN_DIRECT_OBJC_ISA_USAGE = YES_ERROR;
				CLANG_WARN_EMPTY_BODY = YES;
				CLANG_WARN_ENUM_CONVERSION = YES;
				CLANG_WARN_INT_CONVERSION = YES;
				CLANG_WARN_OBJC_ROOT_CLASS = YES_ERROR;
				CLANG_WARN_UNREACHABLE_CODE = YES;
				CLANG_WARN__DUPLICATE_METHOD_MATCH = YES;
				"CODE_SIGN_IDENTITY[sdk=iphoneos*]" = "iPhone Developer";
				COPY_PHASE_STRIP = NO;
				DEBUG_INFORMATION_FORMAT = dwarf;
				ENABLE_STRICT_OBJC_MSGSEND = YES;
				ENABLE_TESTABILITY = YES;
				GCC_C_LANGUAGE_STANDARD = gnu99;
				GCC_DYNAMIC_NO_PIC = NO;
				GCC_NO_COMMON_BLOCKS = YES;
				GCC_OPTIMIZATION_LEVEL = 0;
				GCC_PREPROCESSOR_DEFINITIONS = (
					"DEBUG=1",
					"$(inherited)",
				);
				GCC_WARN_64_TO_32_BIT_CONVERSION = YES;
				GCC_WARN_ABOUT_RETURN_TYPE = YES_ERROR;
				GCC_WARN_UNDECLARED_SELECTOR = YES;
				GCC_WARN_UNINITIALIZED_AUTOS = YES_AGGRESSIVE;
				GCC_WARN_UNUSED_FUNCTION = YES;
				GCC_WARN_UNUSED_VARIABLE = YES;
				IPHONEOS_DEPLOYMENT_TARGET = 10.0;
				MTL_ENABLE_DEBUG_INFO = YES;
				ONLY_ACTIVE_ARCH = YES;
				SDKROOT = iphoneos;
				SWIFT_OPTIMIZATION_LEVEL = "-Onone";
			};
			name = Debug;
		};
		C0D151161D2998110098E96E /* Release */ = {
			isa = XCBuildConfiguration;
			buildSettings = {
				ALWAYS_SEARCH_USER_PATHS = NO;
				CLANG_ANALYZER_NONNULL = YES;
				CLANG_CXX_LANGUAGE_STANDARD = "gnu++0x";
				CLANG_CXX_LIBRARY = "libc++";
				CLANG_ENABLE_MODULES = YES;
				CLANG_ENABLE_OBJC_ARC = YES;
				CLANG_WARN_BOOL_CONVERSION = YES;
				CLANG_WARN_CONSTANT_CONVERSION = YES;
				CLANG_WARN_DIRECT_OBJC_ISA_USAGE = YES_ERROR;
				CLANG_WARN_EMPTY_BODY = YES;
				CLANG_WARN_ENUM_CONVERSION = YES;
				CLANG_WARN_INT_CONVERSION = YES;
				CLANG_WARN_OBJC_ROOT_CLASS = YES_ERROR;
				CLANG_WARN_UNREACHABLE_CODE = YES;
				CLANG_WARN__DUPLICATE_METHOD_MATCH = YES;
				"CODE_SIGN_IDENTITY[sdk=iphoneos*]" = "iPhone Developer";
				COPY_PHASE_STRIP = NO;
				DEBUG_INFORMATION_FORMAT = "dwarf-with-dsym";
				ENABLE_NS_ASSERTIONS = NO;
				ENABLE_STRICT_OBJC_MSGSEND = YES;
				GCC_C_LANGUAGE_STANDARD = gnu99;
				GCC_NO_COMMON_BLOCKS = YES;
				GCC_WARN_64_TO_32_BIT_CONVERSION = YES;
				GCC_WARN_ABOUT_RETURN_TYPE = YES_ERROR;
				GCC_WARN_UNDECLARED_SELECTOR = YES;
				GCC_WARN_UNINITIALIZED_AUTOS = YES_AGGRESSIVE;
				GCC_WARN_UNUSED_FUNCTION = YES;
				GCC_WARN_UNUSED_VARIABLE = YES;
				IPHONEOS_DEPLOYMENT_TARGET = 10.0;
				MTL_ENABLE_DEBUG_INFO = NO;
				SDKROOT = iphoneos;
				VALIDATE_PRODUCT = YES;
			};
			name = Release;
		};
		C0D151181D2998110098E96E /* Debug */ = {
			isa = XCBuildConfiguration;
			buildSettings = {
				ALWAYS_EMBED_SWIFT_STANDARD_LIBRARIES = NO;
				ASSETCATALOG_COMPILER_APPICON_NAME = AppIcon;
				EMBED_ASSET_PACKS_IN_PRODUCT_BUNDLE = NO;
				INFOPLIST_FILE = SwiftTweet/Info.plist;
				IPHONEOS_DEPLOYMENT_TARGET = 10.0;
				LD_RUNPATH_SEARCH_PATHS = "$(inherited) @executable_path/Frameworks";
				PRODUCT_BUNDLE_IDENTIFIER = com.arnav.gudibande.SwiftTweet;
				PRODUCT_NAME = "$(TARGET_NAME)";
				SWIFT_VERSION = 3.0;
			};
			name = Debug;
		};
		C0D151191D2998110098E96E /* Release */ = {
			isa = XCBuildConfiguration;
			buildSettings = {
				ALWAYS_EMBED_SWIFT_STANDARD_LIBRARIES = NO;
				ASSETCATALOG_COMPILER_APPICON_NAME = AppIcon;
				EMBED_ASSET_PACKS_IN_PRODUCT_BUNDLE = NO;
				INFOPLIST_FILE = SwiftTweet/Info.plist;
				IPHONEOS_DEPLOYMENT_TARGET = 10.0;
				LD_RUNPATH_SEARCH_PATHS = "$(inherited) @executable_path/Frameworks";
				PRODUCT_BUNDLE_IDENTIFIER = com.arnav.gudibande.SwiftTweet;
				PRODUCT_NAME = "$(TARGET_NAME)";
				SWIFT_OPTIMIZATION_LEVEL = "-Owholemodule";
				SWIFT_VERSION = 3.0;
			};
			name = Release;
		};
/* End XCBuildConfiguration section */

/* Begin XCConfigurationList section */
		C0D151001D2998100098E96E /* Build configuration list for PBXProject "SwiftTweet" */ = {
			isa = XCConfigurationList;
			buildConfigurations = (
				C0D151151D2998110098E96E /* Debug */,
				C0D151161D2998110098E96E /* Release */,
			);
			defaultConfigurationIsVisible = 0;
			defaultConfigurationName = Release;
		};
		C0D151171D2998110098E96E /* Build configuration list for PBXNativeTarget "SwiftTweet" */ = {
			isa = XCConfigurationList;
			buildConfigurations = (
				C0D151181D2998110098E96E /* Debug */,
				C0D151191D2998110098E96E /* Release */,
			);
			defaultConfigurationIsVisible = 0;
			defaultConfigurationName = Release;
		};
/* End XCConfigurationList section */
	};
	rootObject = C0D150FD1D2998100098E96E /* Project object */;
}
